// !$*UTF8*$!
{
	archiveVersion = 1;
	classes = {
	};
	objectVersion = 56;
	objects = {

/* Begin PBXBuildFile section */
		B356698828C8E218002A9BC6 /* AttireModel.swift in Sources */ = {isa = PBXBuildFile; fileRef = B356698728C8E218002A9BC6 /* AttireModel.swift */; };
		B356698A28C8E240002A9BC6 /* CurrentForecast.swift in Sources */ = {isa = PBXBuildFile; fileRef = B356698928C8E240002A9BC6 /* CurrentForecast.swift */; };
		B3AB483828DE071B00767393 /* ProductIAPHandler.swift in Sources */ = {isa = PBXBuildFile; fileRef = B3AB483728DE071B00767393 /* ProductIAPHandler.swift */; };
		B3AC5B6C28CB7EB8004C9B40 /* SettingsVC.swift in Sources */ = {isa = PBXBuildFile; fileRef = B3AC5B6B28CB7EB8004C9B40 /* SettingsVC.swift */; };
		B3D4B7BB28DB5DCC00A57732 /* CurrentSubheadCardView.swift in Sources */ = {isa = PBXBuildFile; fileRef = B3D4B7BA28DB5DCC00A57732 /* CurrentSubheadCardView.swift */; };
		B3D4B7BF28DB6C6400A57732 /* HexColor.swift in Sources */ = {isa = PBXBuildFile; fileRef = B3D4B7BE28DB6C6400A57732 /* HexColor.swift */; };
		B3D4B7C128DB7E4700A57732 /* Colors.swift in Sources */ = {isa = PBXBuildFile; fileRef = B3D4B7C028DB7E4700A57732 /* Colors.swift */; };
		B3D4B7C328DB823A00A57732 /* UserDefaults.swift in Sources */ = {isa = PBXBuildFile; fileRef = B3D4B7C228DB823A00A57732 /* UserDefaults.swift */; };
		B3F2AAC928D37F7F008CF9E7 /* Functions.swift in Sources */ = {isa = PBXBuildFile; fileRef = B3F2AAC828D37F7F008CF9E7 /* Functions.swift */; };
		B3F2AACB28D3BFFD008CF9E7 /* GlobalVariables.swift in Sources */ = {isa = PBXBuildFile; fileRef = B3F2AACA28D3BFFD008CF9E7 /* GlobalVariables.swift */; };
		B3F2AACD28D3C54C008CF9E7 /* SpinnerViewController.swift in Sources */ = {isa = PBXBuildFile; fileRef = B3F2AACC28D3C54C008CF9E7 /* SpinnerViewController.swift */; };
		CF118CF628C29FBE00C63CE4 /* DateExtension.swift in Sources */ = {isa = PBXBuildFile; fileRef = CF118CF528C29FBE00C63CE4 /* DateExtension.swift */; };
		CF4C9BBE28AE819000804BC1 /* FetchWeather.swift in Sources */ = {isa = PBXBuildFile; fileRef = CF4C9BBD28AE819000804BC1 /* FetchWeather.swift */; };
		CF4C9BC028AE88A100804BC1 /* ForecastModel.swift in Sources */ = {isa = PBXBuildFile; fileRef = CF4C9BBF28AE88A100804BC1 /* ForecastModel.swift */; };
		CF68CE742885EB3E0092E5DE /* AppDelegate.swift in Sources */ = {isa = PBXBuildFile; fileRef = CF68CE732885EB3E0092E5DE /* AppDelegate.swift */; };
		CF68CE762885EB3E0092E5DE /* SceneDelegate.swift in Sources */ = {isa = PBXBuildFile; fileRef = CF68CE752885EB3E0092E5DE /* SceneDelegate.swift */; };
		CF68CE782885EB3E0092E5DE /* ForecastVC.swift in Sources */ = {isa = PBXBuildFile; fileRef = CF68CE772885EB3E0092E5DE /* ForecastVC.swift */; };
		CF68CE7B2885EB3E0092E5DE /* Main.storyboard in Resources */ = {isa = PBXBuildFile; fileRef = CF68CE792885EB3E0092E5DE /* Main.storyboard */; };
		CF68CE7D2885EB3F0092E5DE /* Assets.xcassets in Resources */ = {isa = PBXBuildFile; fileRef = CF68CE7C2885EB3F0092E5DE /* Assets.xcassets */; };
		CF68CE802885EB3F0092E5DE /* LaunchScreen.storyboard in Resources */ = {isa = PBXBuildFile; fileRef = CF68CE7E2885EB3F0092E5DE /* LaunchScreen.storyboard */; };
		CF68CE8B2885EB400092E5DE /* WetherOrNotTests.swift in Sources */ = {isa = PBXBuildFile; fileRef = CF68CE8A2885EB400092E5DE /* WetherOrNotTests.swift */; };
		CF68CE952885EB400092E5DE /* WetherOrNotUITests.swift in Sources */ = {isa = PBXBuildFile; fileRef = CF68CE942885EB400092E5DE /* WetherOrNotUITests.swift */; };
		CF68CE972885EB400092E5DE /* WetherOrNotUITestsLaunchTests.swift in Sources */ = {isa = PBXBuildFile; fileRef = CF68CE962885EB400092E5DE /* WetherOrNotUITestsLaunchTests.swift */; };
		CFD718A028C13F30001A1694 /* CurrentCardView.swift in Sources */ = {isa = PBXBuildFile; fileRef = CFD7189F28C13F30001A1694 /* CurrentCardView.swift */; };
		CFD718A228C13F3A001A1694 /* DayCardView.swift in Sources */ = {isa = PBXBuildFile; fileRef = CFD718A128C13F3A001A1694 /* DayCardView.swift */; };
/* End PBXBuildFile section */

/* Begin PBXContainerItemProxy section */
		CF68CE872885EB400092E5DE /* PBXContainerItemProxy */ = {
			isa = PBXContainerItemProxy;
			containerPortal = CF68CE682885EB3E0092E5DE /* Project object */;
			proxyType = 1;
			remoteGlobalIDString = CF68CE6F2885EB3E0092E5DE;
			remoteInfo = Puhdl;
		};
		CF68CE912885EB400092E5DE /* PBXContainerItemProxy */ = {
			isa = PBXContainerItemProxy;
			containerPortal = CF68CE682885EB3E0092E5DE /* Project object */;
			proxyType = 1;
			remoteGlobalIDString = CF68CE6F2885EB3E0092E5DE;
			remoteInfo = Puhdl;
		};
/* End PBXContainerItemProxy section */

/* Begin PBXFileReference section */
		B356698728C8E218002A9BC6 /* AttireModel.swift */ = {isa = PBXFileReference; lastKnownFileType = sourcecode.swift; path = AttireModel.swift; sourceTree = "<group>"; };
		B356698928C8E240002A9BC6 /* CurrentForecast.swift */ = {isa = PBXFileReference; lastKnownFileType = sourcecode.swift; path = CurrentForecast.swift; sourceTree = "<group>"; };
		B3AB483728DE071B00767393 /* ProductIAPHandler.swift */ = {isa = PBXFileReference; lastKnownFileType = sourcecode.swift; path = ProductIAPHandler.swift; sourceTree = "<group>"; };
		B3AC5B6B28CB7EB8004C9B40 /* SettingsVC.swift */ = {isa = PBXFileReference; lastKnownFileType = sourcecode.swift; path = SettingsVC.swift; sourceTree = "<group>"; };
		B3D4B7BA28DB5DCC00A57732 /* CurrentSubheadCardView.swift */ = {isa = PBXFileReference; lastKnownFileType = sourcecode.swift; path = CurrentSubheadCardView.swift; sourceTree = "<group>"; };
		B3D4B7BE28DB6C6400A57732 /* HexColor.swift */ = {isa = PBXFileReference; lastKnownFileType = sourcecode.swift; path = HexColor.swift; sourceTree = "<group>"; };
		B3D4B7C028DB7E4700A57732 /* Colors.swift */ = {isa = PBXFileReference; lastKnownFileType = sourcecode.swift; path = Colors.swift; sourceTree = "<group>"; };
		B3D4B7C228DB823A00A57732 /* UserDefaults.swift */ = {isa = PBXFileReference; lastKnownFileType = sourcecode.swift; path = UserDefaults.swift; sourceTree = "<group>"; };
		B3F2AAC828D37F7F008CF9E7 /* Functions.swift */ = {isa = PBXFileReference; lastKnownFileType = sourcecode.swift; path = Functions.swift; sourceTree = "<group>"; };
		B3F2AACA28D3BFFD008CF9E7 /* GlobalVariables.swift */ = {isa = PBXFileReference; lastKnownFileType = sourcecode.swift; path = GlobalVariables.swift; sourceTree = "<group>"; };
		B3F2AACC28D3C54C008CF9E7 /* SpinnerViewController.swift */ = {isa = PBXFileReference; lastKnownFileType = sourcecode.swift; path = SpinnerViewController.swift; sourceTree = "<group>"; };
		CF118CF528C29FBE00C63CE4 /* DateExtension.swift */ = {isa = PBXFileReference; lastKnownFileType = sourcecode.swift; path = DateExtension.swift; sourceTree = "<group>"; };
		CF4C9BBD28AE819000804BC1 /* FetchWeather.swift */ = {isa = PBXFileReference; lastKnownFileType = sourcecode.swift; path = FetchWeather.swift; sourceTree = "<group>"; };
		CF4C9BBF28AE88A100804BC1 /* ForecastModel.swift */ = {isa = PBXFileReference; lastKnownFileType = sourcecode.swift; path = ForecastModel.swift; sourceTree = "<group>"; };
		CF68CE702885EB3E0092E5DE /* WetherOrNot.app */ = {isa = PBXFileReference; explicitFileType = wrapper.application; includeInIndex = 0; path = WetherOrNot.app; sourceTree = BUILT_PRODUCTS_DIR; };
		CF68CE732885EB3E0092E5DE /* AppDelegate.swift */ = {isa = PBXFileReference; lastKnownFileType = sourcecode.swift; path = AppDelegate.swift; sourceTree = "<group>"; };
		CF68CE752885EB3E0092E5DE /* SceneDelegate.swift */ = {isa = PBXFileReference; lastKnownFileType = sourcecode.swift; path = SceneDelegate.swift; sourceTree = "<group>"; };
		CF68CE772885EB3E0092E5DE /* ForecastVC.swift */ = {isa = PBXFileReference; lastKnownFileType = sourcecode.swift; path = ForecastVC.swift; sourceTree = "<group>"; };
		CF68CE7A2885EB3E0092E5DE /* Base */ = {isa = PBXFileReference; lastKnownFileType = file.storyboard; name = Base; path = Base.lproj/Main.storyboard; sourceTree = "<group>"; };
		CF68CE7C2885EB3F0092E5DE /* Assets.xcassets */ = {isa = PBXFileReference; lastKnownFileType = folder.assetcatalog; path = Assets.xcassets; sourceTree = "<group>"; };
		CF68CE7F2885EB3F0092E5DE /* Base */ = {isa = PBXFileReference; lastKnownFileType = file.storyboard; name = Base; path = Base.lproj/LaunchScreen.storyboard; sourceTree = "<group>"; };
		CF68CE812885EB3F0092E5DE /* Info.plist */ = {isa = PBXFileReference; lastKnownFileType = text.plist.xml; path = Info.plist; sourceTree = "<group>"; };
		CF68CE862885EB400092E5DE /* WetherOrNotTests.xctest */ = {isa = PBXFileReference; explicitFileType = wrapper.cfbundle; includeInIndex = 0; path = WetherOrNotTests.xctest; sourceTree = BUILT_PRODUCTS_DIR; };
		CF68CE8A2885EB400092E5DE /* WetherOrNotTests.swift */ = {isa = PBXFileReference; lastKnownFileType = sourcecode.swift; path = WetherOrNotTests.swift; sourceTree = "<group>"; };
		CF68CE902885EB400092E5DE /* WetherOrNotUITests.xctest */ = {isa = PBXFileReference; explicitFileType = wrapper.cfbundle; includeInIndex = 0; path = WetherOrNotUITests.xctest; sourceTree = BUILT_PRODUCTS_DIR; };
		CF68CE942885EB400092E5DE /* WetherOrNotUITests.swift */ = {isa = PBXFileReference; lastKnownFileType = sourcecode.swift; path = WetherOrNotUITests.swift; sourceTree = "<group>"; };
		CF68CE962885EB400092E5DE /* WetherOrNotUITestsLaunchTests.swift */ = {isa = PBXFileReference; lastKnownFileType = sourcecode.swift; path = WetherOrNotUITestsLaunchTests.swift; sourceTree = "<group>"; };
		CFD7189E28C13A1F001A1694 /* WetherOrNot.entitlements */ = {isa = PBXFileReference; lastKnownFileType = text.plist.entitlements; path = WetherOrNot.entitlements; sourceTree = "<group>"; };
		CFD7189F28C13F30001A1694 /* CurrentCardView.swift */ = {isa = PBXFileReference; lastKnownFileType = sourcecode.swift; path = CurrentCardView.swift; sourceTree = "<group>"; };
		CFD718A128C13F3A001A1694 /* DayCardView.swift */ = {isa = PBXFileReference; lastKnownFileType = sourcecode.swift; path = DayCardView.swift; sourceTree = "<group>"; };
/* End PBXFileReference section */

/* Begin PBXFrameworksBuildPhase section */
		CF68CE6D2885EB3E0092E5DE /* Frameworks */ = {
			isa = PBXFrameworksBuildPhase;
			buildActionMask = 2147483647;
			files = (
			);
			runOnlyForDeploymentPostprocessing = 0;
		};
		CF68CE832885EB400092E5DE /* Frameworks */ = {
			isa = PBXFrameworksBuildPhase;
			buildActionMask = 2147483647;
			files = (
			);
			runOnlyForDeploymentPostprocessing = 0;
		};
		CF68CE8D2885EB400092E5DE /* Frameworks */ = {
			isa = PBXFrameworksBuildPhase;
			buildActionMask = 2147483647;
			files = (
			);
			runOnlyForDeploymentPostprocessing = 0;
		};
/* End PBXFrameworksBuildPhase section */

/* Begin PBXGroup section */
		B3050AF428C7BE46008B707D /* ViewModels */ = {
			isa = PBXGroup;
			children = (
				CFD7189F28C13F30001A1694 /* CurrentCardView.swift */,
				B3D4B7BA28DB5DCC00A57732 /* CurrentSubheadCardView.swift */,
				CFD718A128C13F3A001A1694 /* DayCardView.swift */,
			);
			path = ViewModels;
			sourceTree = "<group>";
		};
		CF118CF428C29F8500C63CE4 /* Extensions */ = {
			isa = PBXGroup;
			children = (
				CF118CF528C29FBE00C63CE4 /* DateExtension.swift */,
				B3D4B7BE28DB6C6400A57732 /* HexColor.swift */,
			);
			path = Extensions;
			sourceTree = "<group>";
		};
		CF68CE672885EB3E0092E5DE = {
			isa = PBXGroup;
			children = (
				CF68CE722885EB3E0092E5DE /* WetherOrNot */,
				CF68CE892885EB400092E5DE /* WetherOrNotTests */,
				CF68CE932885EB400092E5DE /* WetherOrNotUITests */,
				CF68CE712885EB3E0092E5DE /* Products */,
			);
			sourceTree = "<group>";
		};
		CF68CE712885EB3E0092E5DE /* Products */ = {
			isa = PBXGroup;
			children = (
				CF68CE702885EB3E0092E5DE /* WetherOrNot.app */,
				CF68CE862885EB400092E5DE /* WetherOrNotTests.xctest */,
				CF68CE902885EB400092E5DE /* WetherOrNotUITests.xctest */,
			);
			name = Products;
			sourceTree = "<group>";
		};
		CF68CE722885EB3E0092E5DE /* WetherOrNot */ = {
			isa = PBXGroup;
			children = (
				CFD7189E28C13A1F001A1694 /* WetherOrNot.entitlements */,
				CF68CE732885EB3E0092E5DE /* AppDelegate.swift */,
				CF68CE752885EB3E0092E5DE /* SceneDelegate.swift */,
				CF68CEA52885F2780092E5DE /* Models */,
				CF68CEA42885F2710092E5DE /* Utilties */,
				CF68CEA62885F2B50092E5DE /* View */,
				CF68CEA82885F2D20092E5DE /* Resources */,
				CF68CE812885EB3F0092E5DE /* Info.plist */,
			);
			path = WetherOrNot;
			sourceTree = "<group>";
		};
		CF68CE892885EB400092E5DE /* WetherOrNotTests */ = {
			isa = PBXGroup;
			children = (
				CF68CE8A2885EB400092E5DE /* WetherOrNotTests.swift */,
			);
			path = WetherOrNotTests;
			sourceTree = "<group>";
		};
		CF68CE932885EB400092E5DE /* WetherOrNotUITests */ = {
			isa = PBXGroup;
			children = (
				CF68CE942885EB400092E5DE /* WetherOrNotUITests.swift */,
				CF68CE962885EB400092E5DE /* WetherOrNotUITestsLaunchTests.swift */,
			);
			path = WetherOrNotUITests;
			sourceTree = "<group>";
		};
		CF68CEA42885F2710092E5DE /* Utilties */ = {
			isa = PBXGroup;
			children = (
				B3F2AAC828D37F7F008CF9E7 /* Functions.swift */,
				B3F2AACA28D3BFFD008CF9E7 /* GlobalVariables.swift */,
				B3D4B7C228DB823A00A57732 /* UserDefaults.swift */,
				B3D4B7C028DB7E4700A57732 /* Colors.swift */,
				CF118CF428C29F8500C63CE4 /* Extensions */,
				CF4C9BBD28AE819000804BC1 /* FetchWeather.swift */,
				B356698928C8E240002A9BC6 /* CurrentForecast.swift */,
				B3AB483728DE071B00767393 /* ProductIAPHandler.swift */,
			);
			path = Utilties;
			sourceTree = "<group>";
		};
		CF68CEA52885F2780092E5DE /* Models */ = {
			isa = PBXGroup;
			children = (
				CF4C9BBF28AE88A100804BC1 /* ForecastModel.swift */,
				B356698728C8E218002A9BC6 /* AttireModel.swift */,
			);
			path = Models;
			sourceTree = "<group>";
		};
		CF68CEA62885F2B50092E5DE /* View */ = {
			isa = PBXGroup;
			children = (
				B3050AF428C7BE46008B707D /* ViewModels */,
				CF68CEA72885F2BA0092E5DE /* Controllers */,
				B3F2AACC28D3C54C008CF9E7 /* SpinnerViewController.swift */,
				CF68CE792885EB3E0092E5DE /* Main.storyboard */,
				CF68CE7E2885EB3F0092E5DE /* LaunchScreen.storyboard */,
			);
			path = View;
			sourceTree = "<group>";
		};
		CF68CEA72885F2BA0092E5DE /* Controllers */ = {
			isa = PBXGroup;
			children = (
				CF68CE772885EB3E0092E5DE /* ForecastVC.swift */,
				B3AC5B6B28CB7EB8004C9B40 /* SettingsVC.swift */,
			);
			path = Controllers;
			sourceTree = "<group>";
		};
		CF68CEA82885F2D20092E5DE /* Resources */ = {
			isa = PBXGroup;
			children = (
				CF68CE7C2885EB3F0092E5DE /* Assets.xcassets */,
			);
			path = Resources;
			sourceTree = "<group>";
		};
/* End PBXGroup section */

/* Begin PBXNativeTarget section */
		CF68CE6F2885EB3E0092E5DE /* WetherOrNot */ = {
			isa = PBXNativeTarget;
			buildConfigurationList = CF68CE9A2885EB400092E5DE /* Build configuration list for PBXNativeTarget "WetherOrNot" */;
			buildPhases = (
				CF68CE6C2885EB3E0092E5DE /* Sources */,
				CF68CE6D2885EB3E0092E5DE /* Frameworks */,
				CF68CE6E2885EB3E0092E5DE /* Resources */,
			);
			buildRules = (
			);
			dependencies = (
			);
			name = WetherOrNot;
			productName = Puhdl;
			productReference = CF68CE702885EB3E0092E5DE /* WetherOrNot.app */;
			productType = "com.apple.product-type.application";
		};
		CF68CE852885EB400092E5DE /* WetherOrNotTests */ = {
			isa = PBXNativeTarget;
			buildConfigurationList = CF68CE9D2885EB400092E5DE /* Build configuration list for PBXNativeTarget "WetherOrNotTests" */;
			buildPhases = (
				CF68CE822885EB400092E5DE /* Sources */,
				CF68CE832885EB400092E5DE /* Frameworks */,
				CF68CE842885EB400092E5DE /* Resources */,
			);
			buildRules = (
			);
			dependencies = (
				CF68CE882885EB400092E5DE /* PBXTargetDependency */,
			);
			name = WetherOrNotTests;
			productName = PuhdlTests;
			productReference = CF68CE862885EB400092E5DE /* WetherOrNotTests.xctest */;
			productType = "com.apple.product-type.bundle.unit-test";
		};
		CF68CE8F2885EB400092E5DE /* WetherOrNotUITests */ = {
			isa = PBXNativeTarget;
			buildConfigurationList = CF68CEA02885EB400092E5DE /* Build configuration list for PBXNativeTarget "WetherOrNotUITests" */;
			buildPhases = (
				CF68CE8C2885EB400092E5DE /* Sources */,
				CF68CE8D2885EB400092E5DE /* Frameworks */,
				CF68CE8E2885EB400092E5DE /* Resources */,
			);
			buildRules = (
			);
			dependencies = (
				CF68CE922885EB400092E5DE /* PBXTargetDependency */,
			);
			name = WetherOrNotUITests;
			productName = PuhdlUITests;
			productReference = CF68CE902885EB400092E5DE /* WetherOrNotUITests.xctest */;
			productType = "com.apple.product-type.bundle.ui-testing";
		};
/* End PBXNativeTarget section */

/* Begin PBXProject section */
		CF68CE682885EB3E0092E5DE /* Project object */ = {
			isa = PBXProject;
			attributes = {
				BuildIndependentTargetsInParallel = 1;
				LastSwiftUpdateCheck = 1400;
				LastUpgradeCheck = 1400;
				TargetAttributes = {
					CF68CE6F2885EB3E0092E5DE = {
						CreatedOnToolsVersion = 14.0;
					};
					CF68CE852885EB400092E5DE = {
						CreatedOnToolsVersion = 14.0;
						TestTargetID = CF68CE6F2885EB3E0092E5DE;
					};
					CF68CE8F2885EB400092E5DE = {
						CreatedOnToolsVersion = 14.0;
						TestTargetID = CF68CE6F2885EB3E0092E5DE;
					};
				};
			};
			buildConfigurationList = CF68CE6B2885EB3E0092E5DE /* Build configuration list for PBXProject "WetherOrNot" */;
			compatibilityVersion = "Xcode 14.0";
			developmentRegion = en;
			hasScannedForEncodings = 0;
			knownRegions = (
				en,
				Base,
			);
			mainGroup = CF68CE672885EB3E0092E5DE;
			productRefGroup = CF68CE712885EB3E0092E5DE /* Products */;
			projectDirPath = "";
			projectRoot = "";
			targets = (
				CF68CE6F2885EB3E0092E5DE /* WetherOrNot */,
				CF68CE852885EB400092E5DE /* WetherOrNotTests */,
				CF68CE8F2885EB400092E5DE /* WetherOrNotUITests */,
			);
		};
/* End PBXProject section */

/* Begin PBXResourcesBuildPhase section */
		CF68CE6E2885EB3E0092E5DE /* Resources */ = {
			isa = PBXResourcesBuildPhase;
			buildActionMask = 2147483647;
			files = (
				CF68CE802885EB3F0092E5DE /* LaunchScreen.storyboard in Resources */,
				CF68CE7D2885EB3F0092E5DE /* Assets.xcassets in Resources */,
				CF68CE7B2885EB3E0092E5DE /* Main.storyboard in Resources */,
			);
			runOnlyForDeploymentPostprocessing = 0;
		};
		CF68CE842885EB400092E5DE /* Resources */ = {
			isa = PBXResourcesBuildPhase;
			buildActionMask = 2147483647;
			files = (
			);
			runOnlyForDeploymentPostprocessing = 0;
		};
		CF68CE8E2885EB400092E5DE /* Resources */ = {
			isa = PBXResourcesBuildPhase;
			buildActionMask = 2147483647;
			files = (
			);
			runOnlyForDeploymentPostprocessing = 0;
		};
/* End PBXResourcesBuildPhase section */

/* Begin PBXSourcesBuildPhase section */
		CF68CE6C2885EB3E0092E5DE /* Sources */ = {
			isa = PBXSourcesBuildPhase;
			buildActionMask = 2147483647;
			files = (
				B3AC5B6C28CB7EB8004C9B40 /* SettingsVC.swift in Sources */,
				CF68CE782885EB3E0092E5DE /* ForecastVC.swift in Sources */,
				CF118CF628C29FBE00C63CE4 /* DateExtension.swift in Sources */,
				B3D4B7C128DB7E4700A57732 /* Colors.swift in Sources */,
				B3AB483828DE071B00767393 /* ProductIAPHandler.swift in Sources */,
				B3D4B7BB28DB5DCC00A57732 /* CurrentSubheadCardView.swift in Sources */,
				B356698828C8E218002A9BC6 /* AttireModel.swift in Sources */,
				B3F2AACB28D3BFFD008CF9E7 /* GlobalVariables.swift in Sources */,
				CF68CE742885EB3E0092E5DE /* AppDelegate.swift in Sources */,
				B356698A28C8E240002A9BC6 /* CurrentForecast.swift in Sources */,
				CFD718A028C13F30001A1694 /* CurrentCardView.swift in Sources */,
				CF4C9BC028AE88A100804BC1 /* ForecastModel.swift in Sources */,
				CFD718A228C13F3A001A1694 /* DayCardView.swift in Sources */,
				CF4C9BBE28AE819000804BC1 /* FetchWeather.swift in Sources */,
				CF68CE762885EB3E0092E5DE /* SceneDelegate.swift in Sources */,
				B3D4B7C328DB823A00A57732 /* UserDefaults.swift in Sources */,
				B3D4B7BF28DB6C6400A57732 /* HexColor.swift in Sources */,
				B3F2AACD28D3C54C008CF9E7 /* SpinnerViewController.swift in Sources */,
				B3F2AAC928D37F7F008CF9E7 /* Functions.swift in Sources */,
			);
			runOnlyForDeploymentPostprocessing = 0;
		};
		CF68CE822885EB400092E5DE /* Sources */ = {
			isa = PBXSourcesBuildPhase;
			buildActionMask = 2147483647;
			files = (
				CF68CE8B2885EB400092E5DE /* WetherOrNotTests.swift in Sources */,
			);
			runOnlyForDeploymentPostprocessing = 0;
		};
		CF68CE8C2885EB400092E5DE /* Sources */ = {
			isa = PBXSourcesBuildPhase;
			buildActionMask = 2147483647;
			files = (
				CF68CE972885EB400092E5DE /* WetherOrNotUITestsLaunchTests.swift in Sources */,
				CF68CE952885EB400092E5DE /* WetherOrNotUITests.swift in Sources */,
			);
			runOnlyForDeploymentPostprocessing = 0;
		};
/* End PBXSourcesBuildPhase section */

/* Begin PBXTargetDependency section */
		CF68CE882885EB400092E5DE /* PBXTargetDependency */ = {
			isa = PBXTargetDependency;
			target = CF68CE6F2885EB3E0092E5DE /* WetherOrNot */;
			targetProxy = CF68CE872885EB400092E5DE /* PBXContainerItemProxy */;
		};
		CF68CE922885EB400092E5DE /* PBXTargetDependency */ = {
			isa = PBXTargetDependency;
			target = CF68CE6F2885EB3E0092E5DE /* WetherOrNot */;
			targetProxy = CF68CE912885EB400092E5DE /* PBXContainerItemProxy */;
		};
/* End PBXTargetDependency section */

/* Begin PBXVariantGroup section */
		CF68CE792885EB3E0092E5DE /* Main.storyboard */ = {
			isa = PBXVariantGroup;
			children = (
				CF68CE7A2885EB3E0092E5DE /* Base */,
			);
			name = Main.storyboard;
			sourceTree = "<group>";
		};
		CF68CE7E2885EB3F0092E5DE /* LaunchScreen.storyboard */ = {
			isa = PBXVariantGroup;
			children = (
				CF68CE7F2885EB3F0092E5DE /* Base */,
			);
			name = LaunchScreen.storyboard;
			sourceTree = "<group>";
		};
/* End PBXVariantGroup section */

/* Begin XCBuildConfiguration section */
		CF68CE982885EB400092E5DE /* Debug */ = {
			isa = XCBuildConfiguration;
			buildSettings = {
				ALWAYS_SEARCH_USER_PATHS = NO;
				CLANG_ANALYZER_NONNULL = YES;
				CLANG_ANALYZER_NUMBER_OBJECT_CONVERSION = YES_AGGRESSIVE;
				CLANG_CXX_LANGUAGE_STANDARD = "gnu++17";
				CLANG_ENABLE_MODULES = YES;
				CLANG_ENABLE_OBJC_ARC = YES;
				CLANG_ENABLE_OBJC_WEAK = YES;
				CLANG_WARN_BLOCK_CAPTURE_AUTORELEASING = YES;
				CLANG_WARN_BOOL_CONVERSION = YES;
				CLANG_WARN_COMMA = YES;
				CLANG_WARN_CONSTANT_CONVERSION = YES;
				CLANG_WARN_DEPRECATED_OBJC_IMPLEMENTATIONS = YES;
				CLANG_WARN_DIRECT_OBJC_ISA_USAGE = YES_ERROR;
				CLANG_WARN_DOCUMENTATION_COMMENTS = YES;
				CLANG_WARN_EMPTY_BODY = YES;
				CLANG_WARN_ENUM_CONVERSION = YES;
				CLANG_WARN_INFINITE_RECURSION = YES;
				CLANG_WARN_INT_CONVERSION = YES;
				CLANG_WARN_NON_LITERAL_NULL_CONVERSION = YES;
				CLANG_WARN_OBJC_IMPLICIT_RETAIN_SELF = YES;
				CLANG_WARN_OBJC_LITERAL_CONVERSION = YES;
				CLANG_WARN_OBJC_ROOT_CLASS = YES_ERROR;
				CLANG_WARN_QUOTED_INCLUDE_IN_FRAMEWORK_HEADER = YES;
				CLANG_WARN_RANGE_LOOP_ANALYSIS = YES;
				CLANG_WARN_STRICT_PROTOTYPES = YES;
				CLANG_WARN_SUSPICIOUS_MOVE = YES;
				CLANG_WARN_UNGUARDED_AVAILABILITY = YES_AGGRESSIVE;
				CLANG_WARN_UNREACHABLE_CODE = YES;
				CLANG_WARN__DUPLICATE_METHOD_MATCH = YES;
				COPY_PHASE_STRIP = NO;
				DEBUG_INFORMATION_FORMAT = dwarf;
				ENABLE_STRICT_OBJC_MSGSEND = YES;
				ENABLE_TESTABILITY = YES;
				GCC_C_LANGUAGE_STANDARD = gnu11;
				GCC_DYNAMIC_NO_PIC = NO;
				GCC_NO_COMMON_BLOCKS = YES;
				GCC_OPTIMIZATION_LEVEL = 0;
				GCC_PREPROCESSOR_DEFINITIONS = (
					"DEBUG=1",
					"$(inherited)",
				);
				GCC_WARN_64_TO_32_BIT_CONVERSION = YES;
				GCC_WARN_ABOUT_RETURN_TYPE = YES_ERROR;
				GCC_WARN_UNDECLARED_SELECTOR = YES;
				GCC_WARN_UNINITIALIZED_AUTOS = YES_AGGRESSIVE;
				GCC_WARN_UNUSED_FUNCTION = YES;
				GCC_WARN_UNUSED_VARIABLE = YES;
				IPHONEOS_DEPLOYMENT_TARGET = 16.0;
				MTL_ENABLE_DEBUG_INFO = INCLUDE_SOURCE;
				MTL_FAST_MATH = YES;
				ONLY_ACTIVE_ARCH = YES;
				SDKROOT = iphoneos;
				SWIFT_ACTIVE_COMPILATION_CONDITIONS = DEBUG;
				SWIFT_OPTIMIZATION_LEVEL = "-Onone";
			};
			name = Debug;
		};
		CF68CE992885EB400092E5DE /* Release */ = {
			isa = XCBuildConfiguration;
			buildSettings = {
				ALWAYS_SEARCH_USER_PATHS = NO;
				CLANG_ANALYZER_NONNULL = YES;
				CLANG_ANALYZER_NUMBER_OBJECT_CONVERSION = YES_AGGRESSIVE;
				CLANG_CXX_LANGUAGE_STANDARD = "gnu++17";
				CLANG_ENABLE_MODULES = YES;
				CLANG_ENABLE_OBJC_ARC = YES;
				CLANG_ENABLE_OBJC_WEAK = YES;
				CLANG_WARN_BLOCK_CAPTURE_AUTORELEASING = YES;
				CLANG_WARN_BOOL_CONVERSION = YES;
				CLANG_WARN_COMMA = YES;
				CLANG_WARN_CONSTANT_CONVERSION = YES;
				CLANG_WARN_DEPRECATED_OBJC_IMPLEMENTATIONS = YES;
				CLANG_WARN_DIRECT_OBJC_ISA_USAGE = YES_ERROR;
				CLANG_WARN_DOCUMENTATION_COMMENTS = YES;
				CLANG_WARN_EMPTY_BODY = YES;
				CLANG_WARN_ENUM_CONVERSION = YES;
				CLANG_WARN_INFINITE_RECURSION = YES;
				CLANG_WARN_INT_CONVERSION = YES;
				CLANG_WARN_NON_LITERAL_NULL_CONVERSION = YES;
				CLANG_WARN_OBJC_IMPLICIT_RETAIN_SELF = YES;
				CLANG_WARN_OBJC_LITERAL_CONVERSION = YES;
				CLANG_WARN_OBJC_ROOT_CLASS = YES_ERROR;
				CLANG_WARN_QUOTED_INCLUDE_IN_FRAMEWORK_HEADER = YES;
				CLANG_WARN_RANGE_LOOP_ANALYSIS = YES;
				CLANG_WARN_STRICT_PROTOTYPES = YES;
				CLANG_WARN_SUSPICIOUS_MOVE = YES;
				CLANG_WARN_UNGUARDED_AVAILABILITY = YES_AGGRESSIVE;
				CLANG_WARN_UNREACHABLE_CODE = YES;
				CLANG_WARN__DUPLICATE_METHOD_MATCH = YES;
				COPY_PHASE_STRIP = NO;
				DEBUG_INFORMATION_FORMAT = "dwarf-with-dsym";
				ENABLE_NS_ASSERTIONS = NO;
				ENABLE_STRICT_OBJC_MSGSEND = YES;
				GCC_C_LANGUAGE_STANDARD = gnu11;
				GCC_NO_COMMON_BLOCKS = YES;
				GCC_WARN_64_TO_32_BIT_CONVERSION = YES;
				GCC_WARN_ABOUT_RETURN_TYPE = YES_ERROR;
				GCC_WARN_UNDECLARED_SELECTOR = YES;
				GCC_WARN_UNINITIALIZED_AUTOS = YES_AGGRESSIVE;
				GCC_WARN_UNUSED_FUNCTION = YES;
				GCC_WARN_UNUSED_VARIABLE = YES;
				IPHONEOS_DEPLOYMENT_TARGET = 16.0;
				MTL_ENABLE_DEBUG_INFO = NO;
				MTL_FAST_MATH = YES;
				SDKROOT = iphoneos;
				SWIFT_COMPILATION_MODE = wholemodule;
				SWIFT_OPTIMIZATION_LEVEL = "-O";
				VALIDATE_PRODUCT = YES;
			};
			name = Release;
		};
		CF68CE9B2885EB400092E5DE /* Debug */ = {
			isa = XCBuildConfiguration;
			buildSettings = {
				ASSETCATALOG_COMPILER_APPICON_NAME = AppIcon;
				ASSETCATALOG_COMPILER_GLOBAL_ACCENT_COLOR_NAME = AccentColor;
				CODE_SIGN_ENTITLEMENTS = WetherOrNot/WetherOrNot.entitlements;
				CODE_SIGN_IDENTITY = "Apple Development";
				CODE_SIGN_STYLE = Automatic;
				CURRENT_PROJECT_VERSION = 1;
				DEVELOPMENT_TEAM = 24WZU35MAF;
				GENERATE_INFOPLIST_FILE = YES;
				INFOPLIST_FILE = WetherOrNot/Info.plist;
				INFOPLIST_KEY_CFBundleDisplayName = WetherOrNot;
				INFOPLIST_KEY_LSApplicationCategoryType = "public.app-category.weather";
				INFOPLIST_KEY_NSLocationAlwaysUsageDescription = "WetherOrNot uses your location to retrieve local weather data.";
				INFOPLIST_KEY_NSLocationUsageDescription = "WetherOrNot uses your location to retrieve local weather data.";
				INFOPLIST_KEY_NSLocationWhenInUseUsageDescription = "WetherOrNot uses your location to retrieve local weather data.";
				INFOPLIST_KEY_UIApplicationSupportsIndirectInputEvents = YES;
				INFOPLIST_KEY_UILaunchStoryboardName = LaunchScreen;
				INFOPLIST_KEY_UIMainStoryboardFile = Main;
				INFOPLIST_KEY_UISupportedInterfaceOrientations = UIInterfaceOrientationPortrait;
				LD_RUNPATH_SEARCH_PATHS = (
					"$(inherited)",
					"@executable_path/Frameworks",
				);
				MARKETING_VERSION = 1.0;
				PRODUCT_BUNDLE_IDENTIFIER = com.josephszafarowicz.wetherornot;
				PRODUCT_NAME = "$(TARGET_NAME)";
				PROVISIONING_PROFILE_SPECIFIER = "";
				SUPPORTED_PLATFORMS = "iphoneos iphonesimulator";
				SUPPORTS_MACCATALYST = NO;
				SUPPORTS_MAC_DESIGNED_FOR_IPHONE_IPAD = NO;
				SWIFT_EMIT_LOC_STRINGS = YES;
				SWIFT_VERSION = 5.0;
				TARGETED_DEVICE_FAMILY = "1,2";
			};
			name = Debug;
		};
		CF68CE9C2885EB400092E5DE /* Release */ = {
			isa = XCBuildConfiguration;
			buildSettings = {
				ASSETCATALOG_COMPILER_APPICON_NAME = AppIcon;
				ASSETCATALOG_COMPILER_GLOBAL_ACCENT_COLOR_NAME = AccentColor;
				CODE_SIGN_ENTITLEMENTS = WetherOrNot/WetherOrNot.entitlements;
				CODE_SIGN_IDENTITY = "Apple Development";
				CODE_SIGN_STYLE = Automatic;
				CURRENT_PROJECT_VERSION = 1;
				DEVELOPMENT_TEAM = 24WZU35MAF;
				GENERATE_INFOPLIST_FILE = YES;
				INFOPLIST_FILE = WetherOrNot/Info.plist;
				INFOPLIST_KEY_CFBundleDisplayName = WetherOrNot;
				INFOPLIST_KEY_LSApplicationCategoryType = "public.app-category.weather";
				INFOPLIST_KEY_NSLocationAlwaysUsageDescription = "WetherOrNot uses your location to retrieve local weather data.";
				INFOPLIST_KEY_NSLocationUsageDescription = "WetherOrNot uses your location to retrieve local weather data.";
				INFOPLIST_KEY_NSLocationWhenInUseUsageDescription = "WetherOrNot uses your location to retrieve local weather data.";
				INFOPLIST_KEY_UIApplicationSupportsIndirectInputEvents = YES;
				INFOPLIST_KEY_UILaunchStoryboardName = LaunchScreen;
				INFOPLIST_KEY_UIMainStoryboardFile = Main;
				INFOPLIST_KEY_UISupportedInterfaceOrientations = UIInterfaceOrientationPortrait;
				LD_RUNPATH_SEARCH_PATHS = (
					"$(inherited)",
					"@executable_path/Frameworks",
				);
				MARKETING_VERSION = 1.0;
				PRODUCT_BUNDLE_IDENTIFIER = com.josephszafarowicz.wetherornot;
				PRODUCT_NAME = "$(TARGET_NAME)";
				PROVISIONING_PROFILE_SPECIFIER = "";
				SUPPORTED_PLATFORMS = "iphoneos iphonesimulator";
				SUPPORTS_MACCATALYST = NO;
				SUPPORTS_MAC_DESIGNED_FOR_IPHONE_IPAD = NO;
				SWIFT_EMIT_LOC_STRINGS = YES;
				SWIFT_VERSION = 5.0;
				TARGETED_DEVICE_FAMILY = "1,2";
			};
			name = Release;
		};
		CF68CE9E2885EB400092E5DE /* Debug */ = {
			isa = XCBuildConfiguration;
			buildSettings = {
				ALWAYS_EMBED_SWIFT_STANDARD_LIBRARIES = YES;
				BUNDLE_LOADER = "$(TEST_HOST)";
				CODE_SIGN_STYLE = Automatic;
				CURRENT_PROJECT_VERSION = 1;
				DEVELOPMENT_TEAM = 24WZU35MAF;
				GENERATE_INFOPLIST_FILE = YES;
				IPHONEOS_DEPLOYMENT_TARGET = 16.0;
				MARKETING_VERSION = 1.0;
				PRODUCT_BUNDLE_IDENTIFIER = com.josephszafarowicz.wetherornotTests;
				PRODUCT_NAME = "$(TARGET_NAME)";
				SWIFT_EMIT_LOC_STRINGS = NO;
				SWIFT_VERSION = 5.0;
				TARGETED_DEVICE_FAMILY = "1,2";
				TEST_HOST = "$(BUILT_PRODUCTS_DIR)/WetherOrNot.app/$(BUNDLE_EXECUTABLE_FOLDER_PATH)/WetherOrNot";
			};
			name = Debug;
		};
		CF68CE9F2885EB400092E5DE /* Release */ = {
			isa = XCBuildConfiguration;
			buildSettings = {
				ALWAYS_EMBED_SWIFT_STANDARD_LIBRARIES = YES;
				BUNDLE_LOADER = "$(TEST_HOST)";
				CODE_SIGN_STYLE = Automatic;
				CURRENT_PROJECT_VERSION = 1;
				DEVELOPMENT_TEAM = 24WZU35MAF;
				GENERATE_INFOPLIST_FILE = YES;
				IPHONEOS_DEPLOYMENT_TARGET = 16.0;
				MARKETING_VERSION = 1.0;
				PRODUCT_BUNDLE_IDENTIFIER = com.josephszafarowicz.wetherornotTests;
				PRODUCT_NAME = "$(TARGET_NAME)";
				SWIFT_EMIT_LOC_STRINGS = NO;
				SWIFT_VERSION = 5.0;
				TARGETED_DEVICE_FAMILY = "1,2";
				TEST_HOST = "$(BUILT_PRODUCTS_DIR)/WetherOrNot.app/$(BUNDLE_EXECUTABLE_FOLDER_PATH)/WetherOrNot";
			};
			name = Release;
		};
		CF68CEA12885EB400092E5DE /* Debug */ = {
			isa = XCBuildConfiguration;
			buildSettings = {
				ALWAYS_EMBED_SWIFT_STANDARD_LIBRARIES = YES;
				CODE_SIGN_STYLE = Automatic;
				CURRENT_PROJECT_VERSION = 1;
				DEVELOPMENT_TEAM = 24WZU35MAF;
				GENERATE_INFOPLIST_FILE = YES;
				MARKETING_VERSION = 1.0;
				PRODUCT_BUNDLE_IDENTIFIER = com.josephszafarowicz.wetherornotTests;
				PRODUCT_NAME = "$(TARGET_NAME)";
				SWIFT_EMIT_LOC_STRINGS = NO;
				SWIFT_VERSION = 5.0;
				TARGETED_DEVICE_FAMILY = "1,2";
				TEST_TARGET_NAME = Puhdl;
			};
			name = Debug;
		};
		CF68CEA22885EB400092E5DE /* Release */ = {
			isa = XCBuildConfiguration;
			buildSettings = {
				ALWAYS_EMBED_SWIFT_STANDARD_LIBRARIES = YES;
				CODE_SIGN_STYLE = Automatic;
				CURRENT_PROJECT_VERSION = 1;
				DEVELOPMENT_TEAM = 24WZU35MAF;
				GENERATE_INFOPLIST_FILE = YES;
				MARKETING_VERSION = 1.0;
				PRODUCT_BUNDLE_IDENTIFIER = com.josephszafarowicz.wetherornotTests;
				PRODUCT_NAME = "$(TARGET_NAME)";
				SWIFT_EMIT_LOC_STRINGS = NO;
				SWIFT_VERSION = 5.0;
				TARGETED_DEVICE_FAMILY = "1,2";
				TEST_TARGET_NAME = Puhdl;
			};
			name = Release;
		};
/* End XCBuildConfiguration section */

/* Begin XCConfigurationList section */
		CF68CE6B2885EB3E0092E5DE /* Build configuration list for PBXProject "WetherOrNot" */ = {
			isa = XCConfigurationList;
			buildConfigurations = (
				CF68CE982885EB400092E5DE /* Debug */,
				CF68CE992885EB400092E5DE /* Release */,
			);
			defaultConfigurationIsVisible = 0;
			defaultConfigurationName = Release;
		};
		CF68CE9A2885EB400092E5DE /* Build configuration list for PBXNativeTarget "WetherOrNot" */ = {
			isa = XCConfigurationList;
			buildConfigurations = (
				CF68CE9B2885EB400092E5DE /* Debug */,
				CF68CE9C2885EB400092E5DE /* Release */,
			);
			defaultConfigurationIsVisible = 0;
			defaultConfigurationName = Release;
		};
		CF68CE9D2885EB400092E5DE /* Build configuration list for PBXNativeTarget "WetherOrNotTests" */ = {
			isa = XCConfigurationList;
			buildConfigurations = (
				CF68CE9E2885EB400092E5DE /* Debug */,
				CF68CE9F2885EB400092E5DE /* Release */,
			);
			defaultConfigurationIsVisible = 0;
			defaultConfigurationName = Release;
		};
		CF68CEA02885EB400092E5DE /* Build configuration list for PBXNativeTarget "WetherOrNotUITests" */ = {
			isa = XCConfigurationList;
			buildConfigurations = (
				CF68CEA12885EB400092E5DE /* Debug */,
				CF68CEA22885EB400092E5DE /* Release */,
			);
			defaultConfigurationIsVisible = 0;
			defaultConfigurationName = Release;
		};
/* End XCConfigurationList section */
	};
	rootObject = CF68CE682885EB3E0092E5DE /* Project object */;
}
